{
  "name": "BookMaster3000",
  "lockfileVersion": 3,
  "requires": true,
  "packages": {
    "": {
      "dependencies": {
        "debounce": "^2.2.0"
      }
    },
    "node_modules/debounce": {
      "version": "2.2.0",
      "resolved": "https://registry.npmjs.org/debounce/-/debounce-2.2.0.tgz",
      "integrity": "sha512-Xks6RUDLZFdz8LIdR6q0MTH44k7FikOmnh5xkSjMig6ch45afc8sjTjRQf3P6ax8dMgcQrYO/AR2RGWURrruqw==",
      "engines": {
        "node": ">=18"
      },
      "funding": {
        "url": "https://github.com/sponsors/sindresorhus"
      }
    }
  }
}
